
Microsoft Visual Studio Solution File, Format Version 12.00
# Visual Studio Version 17
VisualStudioVersion = 17.13.35931.197 d17.13
MinimumVisualStudioVersion = 10.0.40219.1
Project("{8BC9CEB8-8B4A-11D0-8D11-00A0C91BC942}") = "My-First-OpenCV-Vision-Test", "My-First-OpenCV-Vision-Test\My-First-OpenCV-Vision-Test.vcxproj", "{713E31E0-80E1-43F9-A8FE-756841BE3840}"
EndProject
Global
	GlobalSection(SolutionConfigurationPlatforms) = preSolution
		Debug|x64 = Debug|x64
		Debug|x86 = Debug|x86
		Release|x64 = Release|x64
		Release|x86 = Release|x86
	EndGlobalSection
	GlobalSection(ProjectConfigurationPlatforms) = postSolution
		{713E31E0-80E1-43F9-A8FE-756841BE3840}.Debug|x64.ActiveCfg = Debug|x64
		{713E31E0-80E1-43F9-A8FE-756841BE3840}.Debug|x64.Build.0 = Debug|x64
		{713E31E0-80E1-43F9-A8FE-756841BE3840}.Debug|x86.ActiveCfg = Debug|Win32
		{713E31E0-80E1-43F9-A8FE-756841BE3840}.Debug|x86.Build.0 = Debug|Win32
		{713E31E0-80E1-43F9-A8FE-756841BE3840}.Release|x64.ActiveCfg = Release|x64
		{713E31E0-80E1-43F9-A8FE-756841BE3840}.Release|x64.Build.0 = Release|x64
		{713E31E0-80E1-43F9-A8FE-756841BE3840}.Release|x86.ActiveCfg = Release|Win32
		{713E31E0-80E1-43F9-A8FE-756841BE3840}.Release|x86.Build.0 = Release|Win32
	EndGlobalSection
	GlobalSection(SolutionProperties) = preSolution
		HideSolutionNode = FALSE
	EndGlobalSection
	GlobalSection(ExtensibilityGlobals) = postSolution
		SolutionGuid = {E02814CA-32FE-4FEB-9442-6498AB838A9D}
	EndGlobalSection
EndGlobal
